
Microsoft Visual Studio Solution File, Format Version 12.00
# Visual Studio Version 17
VisualStudioVersion = 17.13.35931.197 d17.13
MinimumVisualStudioVersion = 10.0.40219.1
Project("{FAE04EC0-301F-11D3-BF4B-00C04F79EFBC}") = "Template Flower", "Template Flower.csproj", "{9F0B250B-E9ED-4130-872F-0EA7870292D5}"
EndProject
Global
	GlobalSection(SolutionConfigurationPlatforms) = preSolution
		Debug|Any CPU = Debug|Any CPU
		Release|Any CPU = Release|Any CPU
	EndGlobalSection
	GlobalSection(ProjectConfigurationPlatforms) = postSolution
		{9F0B250B-E9ED-4130-872F-0EA7870292D5}.Debug|Any CPU.ActiveCfg = Debug|Any CPU
		{9F0B250B-E9ED-4130-872F-0EA7870292D5}.Debug|Any CPU.Build.0 = Debug|Any CPU
		{9F0B250B-E9ED-4130-872F-0EA7870292D5}.Release|Any CPU.ActiveCfg = Release|Any CPU
		{9F0B250B-E9ED-4130-872F-0EA7870292D5}.Release|Any CPU.Build.0 = Release|Any CPU
	EndGlobalSection
	GlobalSection(SolutionProperties) = preSolution
		HideSolutionNode = FALSE
	EndGlobalSection
	GlobalSection(ExtensibilityGlobals) = postSolution
		SolutionGuid = {5CA77DC5-2D79-4381-9853-9B97987B6B24}
	EndGlobalSection
EndGlobal
